
Microsoft Visual Studio Solution File, Format Version 12.00
# Visual Studio Version 16
VisualStudioVersion = 16.0.31005.135
MinimumVisualStudioVersion = 10.0.40219.1
Project("{FAE04EC0-301F-11D3-BF4B-00C04F79EFBC}") = "AzureAdmin", "AzureAdmin\AzureAdmin.csproj", "{F9078492-2BF7-4916-829E-E22971E56E39}"
EndProject
Global
	GlobalSection(SolutionConfigurationPlatforms) = preSolution
		Debug|Any CPU = Debug|Any CPU
		Release|Any CPU = Release|Any CPU
	EndGlobalSection
	GlobalSection(ProjectConfigurationPlatforms) = postSolution
		{F9078492-2BF7-4916-829E-E22971E56E39}.Debug|Any CPU.ActiveCfg = Debug|Any CPU
		{F9078492-2BF7-4916-829E-E22971E56E39}.Debug|Any CPU.Build.0 = Debug|Any CPU
		{F9078492-2BF7-4916-829E-E22971E56E39}.Release|Any CPU.ActiveCfg = Release|Any CPU
		{F9078492-2BF7-4916-829E-E22971E56E39}.Release|Any CPU.Build.0 = Release|Any CPU
	EndGlobalSection
	GlobalSection(SolutionProperties) = preSolution
		HideSolutionNode = FALSE
	EndGlobalSection
	GlobalSection(ExtensibilityGlobals) = postSolution
		SolutionGuid = {95C617EC-5CA7-403D-8B59-108F8CD49EAD}
	EndGlobalSection
EndGlobal
